
Microsoft Visual Studio Solution File, Format Version 12.00
# Visual Studio Version 16
VisualStudioVersion = 16.0.30114.105
MinimumVisualStudioVersion = 10.0.40219.1
Project("{FAE04EC0-301F-11D3-BF4B-00C04F79EFBC}") = "DojoSimpleArraySum", "DojoSimpleArraySum\DojoSimpleArraySum.csproj", "{4E6E3405-2765-4FB6-AB53-1362ABCE3721}"
EndProject
Project("{FAE04EC0-301F-11D3-BF4B-00C04F79EFBC}") = "DojoSimpleArraySum.Tests", "DojoSimpleArraySum.Tests\DojoSimpleArraySum.Tests.csproj", "{008CF596-7A2E-4C39-8BB9-7E748CE06505}"
EndProject
Global
	GlobalSection(SolutionConfigurationPlatforms) = preSolution
		Debug|Any CPU = Debug|Any CPU
		Release|Any CPU = Release|Any CPU
	EndGlobalSection
	GlobalSection(SolutionProperties) = preSolution
		HideSolutionNode = FALSE
	EndGlobalSection
	GlobalSection(ProjectConfigurationPlatforms) = postSolution
		{4E6E3405-2765-4FB6-AB53-1362ABCE3721}.Debug|Any CPU.ActiveCfg = Debug|Any CPU
		{4E6E3405-2765-4FB6-AB53-1362ABCE3721}.Debug|Any CPU.Build.0 = Debug|Any CPU
		{4E6E3405-2765-4FB6-AB53-1362ABCE3721}.Release|Any CPU.ActiveCfg = Release|Any CPU
		{4E6E3405-2765-4FB6-AB53-1362ABCE3721}.Release|Any CPU.Build.0 = Release|Any CPU
		{008CF596-7A2E-4C39-8BB9-7E748CE06505}.Debug|Any CPU.ActiveCfg = Debug|Any CPU
		{008CF596-7A2E-4C39-8BB9-7E748CE06505}.Debug|Any CPU.Build.0 = Debug|Any CPU
		{008CF596-7A2E-4C39-8BB9-7E748CE06505}.Release|Any CPU.ActiveCfg = Release|Any CPU
		{008CF596-7A2E-4C39-8BB9-7E748CE06505}.Release|Any CPU.Build.0 = Release|Any CPU
	EndGlobalSection
EndGlobal
